// !$*UTF8*$!
{
	archiveVersion = 1;
	classes = {
	};
	objectVersion = 46;
	objects = {

/* Begin PBXBuildFile section */
		1FD3E99A1AA54065004006DA /* AppDelegate.swift in Sources */ = {isa = PBXBuildFile; fileRef = 1FD3E9991AA54065004006DA /* AppDelegate.swift */; };
		1FD3E99C1AA54065004006DA /* ViewController.swift in Sources */ = {isa = PBXBuildFile; fileRef = 1FD3E99B1AA54065004006DA /* ViewController.swift */; };
		1FD3E99F1AA54065004006DA /* Main.storyboard in Resources */ = {isa = PBXBuildFile; fileRef = 1FD3E99D1AA54065004006DA /* Main.storyboard */; };
		1FD3E9A11AA54065004006DA /* Images.xcassets in Resources */ = {isa = PBXBuildFile; fileRef = 1FD3E9A01AA54065004006DA /* Images.xcassets */; };
		1FD3E9A41AA54065004006DA /* LaunchScreen.xib in Resources */ = {isa = PBXBuildFile; fileRef = 1FD3E9A21AA54065004006DA /* LaunchScreen.xib */; };
		1FD3E9B01AA54065004006DA /* PostcardTests.swift in Sources */ = {isa = PBXBuildFile; fileRef = 1FD3E9AF1AA54065004006DA /* PostcardTests.swift */; };
/* End PBXBuildFile section */

/* Begin PBXContainerItemProxy section */
		1FD3E9AA1AA54065004006DA /* PBXContainerItemProxy */ = {
			isa = PBXContainerItemProxy;
			containerPortal = 1FD3E98C1AA54065004006DA /* Project object */;
			proxyType = 1;
			remoteGlobalIDString = 1FD3E9931AA54065004006DA;
			remoteInfo = Postcard;
		};
/* End PBXContainerItemProxy section */

/* Begin PBXFileReference section */
		1FD3E9941AA54065004006DA /* Postcard.app */ = {isa = PBXFileReference; explicitFileType = wrapper.application; includeInIndex = 0; path = Postcard.app; sourceTree = BUILT_PRODUCTS_DIR; };
		1FD3E9981AA54065004006DA /* Info.plist */ = {isa = PBXFileReference; lastKnownFileType = text.plist.xml; path = Info.plist; sourceTree = "<group>"; };
		1FD3E9991AA54065004006DA /* AppDelegate.swift */ = {isa = PBXFileReference; lastKnownFileType = sourcecode.swift; path = AppDelegate.swift; sourceTree = "<group>"; };
		1FD3E99B1AA54065004006DA /* ViewController.swift */ = {isa = PBXFileReference; lastKnownFileType = sourcecode.swift; path = ViewController.swift; sourceTree = "<group>"; };
		1FD3E99E1AA54065004006DA /* Base */ = {isa = PBXFileReference; lastKnownFileType = file.storyboard; name = Base; path = Base.lproj/Main.storyboard; sourceTree = "<group>"; };
		1FD3E9A01AA54065004006DA /* Images.xcassets */ = {isa = PBXFileReference; lastKnownFileType = folder.assetcatalog; path = Images.xcassets; sourceTree = "<group>"; };
		1FD3E9A31AA54065004006DA /* Base */ = {isa = PBXFileReference; lastKnownFileType = file.xib; name = Base; path = Base.lproj/LaunchScreen.xib; sourceTree = "<group>"; };
		1FD3E9A91AA54065004006DA /* PostcardTests.xctest */ = {isa = PBXFileReference; explicitFileType = wrapper.cfbundle; includeInIndex = 0; path = PostcardTests.xctest; sourceTree = BUILT_PRODUCTS_DIR; };
		1FD3E9AE1AA54065004006DA /* Info.plist */ = {isa = PBXFileReference; lastKnownFileType = text.plist.xml; path = Info.plist; sourceTree = "<group>"; };
		1FD3E9AF1AA54065004006DA /* PostcardTests.swift */ = {isa = PBXFileReference; lastKnownFileType = sourcecode.swift; path = PostcardTests.swift; sourceTree = "<group>"; };
/* End PBXFileReference section */

/* Begin PBXFrameworksBuildPhase section */
		1FD3E9911AA54065004006DA /* Frameworks */ = {
			isa = PBXFrameworksBuildPhase;
			buildActionMask = 2147483647;
			files = (
			);
			runOnlyForDeploymentPostprocessing = 0;
		};
		1FD3E9A61AA54065004006DA /* Frameworks */ = {
			isa = PBXFrameworksBuildPhase;
			buildActionMask = 2147483647;
			files = (
			);
			runOnlyForDeploymentPostprocessing = 0;
		};
/* End PBXFrameworksBuildPhase section */

/* Begin PBXGroup section */
		1FD3E98B1AA54065004006DA = {
			isa = PBXGroup;
			children = (
				1FD3E9961AA54065004006DA /* Postcard */,
				1FD3E9AC1AA54065004006DA /* PostcardTests */,
				1FD3E9951AA54065004006DA /* Products */,
			);
			sourceTree = "<group>";
		};
		1FD3E9951AA54065004006DA /* Products */ = {
			isa = PBXGroup;
			children = (
				1FD3E9941AA54065004006DA /* Postcard.app */,
				1FD3E9A91AA54065004006DA /* PostcardTests.xctest */,
			);
			name = Products;
			sourceTree = "<group>";
		};
		1FD3E9961AA54065004006DA /* Postcard */ = {
			isa = PBXGroup;
			children = (
				1FD3E9991AA54065004006DA /* AppDelegate.swift */,
				1FD3E99B1AA54065004006DA /* ViewController.swift */,
				1FD3E99D1AA54065004006DA /* Main.storyboard */,
				1FD3E9A01AA54065004006DA /* Images.xcassets */,
				1FD3E9A21AA54065004006DA /* LaunchScreen.xib */,
				1FD3E9971AA54065004006DA /* Supporting Files */,
			);
			path = Postcard;
			sourceTree = "<group>";
		};
		1FD3E9971AA54065004006DA /* Supporting Files */ = {
			isa = PBXGroup;
			children = (
				1FD3E9981AA54065004006DA /* Info.plist */,
			);
			name = "Supporting Files";
			sourceTree = "<group>";
		};
		1FD3E9AC1AA54065004006DA /* PostcardTests */ = {
			isa = PBXGroup;
			children = (
				1FD3E9AF1AA54065004006DA /* PostcardTests.swift */,
				1FD3E9AD1AA54065004006DA /* Supporting Files */,
			);
			path = PostcardTests;
			sourceTree = "<group>";
		};
		1FD3E9AD1AA54065004006DA /* Supporting Files */ = {
			isa = PBXGroup;
			children = (
				1FD3E9AE1AA54065004006DA /* Info.plist */,
			);
			name = "Supporting Files";
			sourceTree = "<group>";
		};
/* End PBXGroup section */

/* Begin PBXNativeTarget section */
		1FD3E9931AA54065004006DA /* Postcard */ = {
			isa = PBXNativeTarget;
			buildConfigurationList = 1FD3E9B31AA54065004006DA /* Build configuration list for PBXNativeTarget "Postcard" */;
			buildPhases = (
				1FD3E9901AA54065004006DA /* Sources */,
				1FD3E9911AA54065004006DA /* Frameworks */,
				1FD3E9921AA54065004006DA /* Resources */,
			);
			buildRules = (
			);
			dependencies = (
			);
			name = Postcard;
			productName = Postcard;
			productReference = 1FD3E9941AA54065004006DA /* Postcard.app */;
			productType = "com.apple.product-type.application";
		};
		1FD3E9A81AA54065004006DA /* PostcardTests */ = {
			isa = PBXNativeTarget;
			buildConfigurationList = 1FD3E9B61AA54065004006DA /* Build configuration list for PBXNativeTarget "PostcardTests" */;
			buildPhases = (
				1FD3E9A51AA54065004006DA /* Sources */,
				1FD3E9A61AA54065004006DA /* Frameworks */,
				1FD3E9A71AA54065004006DA /* Resources */,
			);
			buildRules = (
			);
			dependencies = (
				1FD3E9AB1AA54065004006DA /* PBXTargetDependency */,
			);
			name = PostcardTests;
			productName = PostcardTests;
			productReference = 1FD3E9A91AA54065004006DA /* PostcardTests.xctest */;
			productType = "com.apple.product-type.bundle.unit-test";
		};
/* End PBXNativeTarget section */

/* Begin PBXProject section */
		1FD3E98C1AA54065004006DA /* Project object */ = {
			isa = PBXProject;
			attributes = {
				LastUpgradeCheck = 0610;
				ORGANIZATIONNAME = "LRSN co ltd";
				TargetAttributes = {
					1FD3E9931AA54065004006DA = {
						CreatedOnToolsVersion = 6.1.1;
					};
					1FD3E9A81AA54065004006DA = {
						CreatedOnToolsVersion = 6.1.1;
						TestTargetID = 1FD3E9931AA54065004006DA;
					};
				};
			};
			buildConfigurationList = 1FD3E98F1AA54065004006DA /* Build configuration list for PBXProject "Postcard" */;
			compatibilityVersion = "Xcode 3.2";
			developmentRegion = English;
			hasScannedForEncodings = 0;
			knownRegions = (
				en,
				Base,
			);
			mainGroup = 1FD3E98B1AA54065004006DA;
			productRefGroup = 1FD3E9951AA54065004006DA /* Products */;
			projectDirPath = "";
			projectRoot = "";
			targets = (
				1FD3E9931AA54065004006DA /* Postcard */,
				1FD3E9A81AA54065004006DA /* PostcardTests */,
			);
		};
/* End PBXProject section */

/* Begin PBXResourcesBuildPhase section */
		1FD3E9921AA54065004006DA /* Resources */ = {
			isa = PBXResourcesBuildPhase;
			buildActionMask = 2147483647;
			files = (
				1FD3E99F1AA54065004006DA /* Main.storyboard in Resources */,
				1FD3E9A41AA54065004006DA /* LaunchScreen.xib in Resources */,
				1FD3E9A11AA54065004006DA /* Images.xcassets in Resources */,
			);
			runOnlyForDeploymentPostprocessing = 0;
		};
		1FD3E9A71AA54065004006DA /* Resources */ = {
			isa = PBXResourcesBuildPhase;
			buildActionMask = 2147483647;
			files = (
			);
			runOnlyForDeploymentPostprocessing = 0;
		};
/* End PBXResourcesBuildPhase section */

/* Begin PBXSourcesBuildPhase section */
		1FD3E9901AA54065004006DA /* Sources */ = {
			isa = PBXSourcesBuildPhase;
			buildActionMask = 2147483647;
			files = (
				1FD3E99C1AA54065004006DA /* ViewController.swift in Sources */,
				1FD3E99A1AA54065004006DA /* AppDelegate.swift in Sources */,
			);
			runOnlyForDeploymentPostprocessing = 0;
		};
		1FD3E9A51AA54065004006DA /* Sources */ = {
			isa = PBXSourcesBuildPhase;
			buildActionMask = 2147483647;
			files = (
				1FD3E9B01AA54065004006DA /* PostcardTests.swift in Sources */,
			);
			runOnlyForDeploymentPostprocessing = 0;
		};
/* End PBXSourcesBuildPhase section */

/* Begin PBXTargetDependency section */
		1FD3E9AB1AA54065004006DA /* PBXTargetDependency */ = {
			isa = PBXTargetDependency;
			target = 1FD3E9931AA54065004006DA /* Postcard */;
			targetProxy = 1FD3E9AA1AA54065004006DA /* PBXContainerItemProxy */;
		};
/* End PBXTargetDependency section */

/* Begin PBXVariantGroup section */
		1FD3E99D1AA54065004006DA /* Main.storyboard */ = {
			isa = PBXVariantGroup;
			children = (
				1FD3E99E1AA54065004006DA /* Base */,
			);
			name = Main.storyboard;
			sourceTree = "<group>";
		};
		1FD3E9A21AA54065004006DA /* LaunchScreen.xib */ = {
			isa = PBXVariantGroup;
			children = (
				1FD3E9A31AA54065004006DA /* Base */,
			);
			name = LaunchScreen.xib;
			sourceTree = "<group>";
		};
/* End PBXVariantGroup section */

/* Begin XCBuildConfiguration section */
		1FD3E9B11AA54065004006DA /* Debug */ = {
			isa = XCBuildConfiguration;
			buildSettings = {
				ALWAYS_SEARCH_USER_PATHS = NO;
				CLANG_CXX_LANGUAGE_STANDARD = "gnu++0x";
				CLANG_CXX_LIBRARY = "libc++";
				CLANG_ENABLE_MODULES = YES;
				CLANG_ENABLE_OBJC_ARC = YES;
				CLANG_WARN_BOOL_CONVERSION = YES;
				CLANG_WARN_CONSTANT_CONVERSION = YES;
				CLANG_WARN_DIRECT_OBJC_ISA_USAGE = YES_ERROR;
				CLANG_WARN_EMPTY_BODY = YES;
				CLANG_WARN_ENUM_CONVERSION = YES;
				CLANG_WARN_INT_CONVERSION = YES;
				CLANG_WARN_OBJC_ROOT_CLASS = YES_ERROR;
				CLANG_WARN_UNREACHABLE_CODE = YES;
				CLANG_WARN__DUPLICATE_METHOD_MATCH = YES;
				"CODE_SIGN_IDENTITY[sdk=iphoneos*]" = "iPhone Developer";
				COPY_PHASE_STRIP = NO;
				ENABLE_STRICT_OBJC_MSGSEND = YES;
				GCC_C_LANGUAGE_STANDARD = gnu99;
				GCC_DYNAMIC_NO_PIC = NO;
				GCC_OPTIMIZATION_LEVEL = 0;
				GCC_PREPROCESSOR_DEFINITIONS = (
					"DEBUG=1",
					"$(inherited)",
				);
				GCC_SYMBOLS_PRIVATE_EXTERN = NO;
				GCC_WARN_64_TO_32_BIT_CONVERSION = YES;
				GCC_WARN_ABOUT_RETURN_TYPE = YES_ERROR;
				GCC_WARN_UNDECLARED_SELECTOR = YES;
				GCC_WARN_UNINITIALIZED_AUTOS = YES_AGGRESSIVE;
				GCC_WARN_UNUSED_FUNCTION = YES;
				GCC_WARN_UNUSED_VARIABLE = YES;
				IPHONEOS_DEPLOYMENT_TARGET = 8.1;
				MTL_ENABLE_DEBUG_INFO = YES;
				ONLY_ACTIVE_ARCH = YES;
				SDKROOT = iphoneos;
				SWIFT_OPTIMIZATION_LEVEL = "-Onone";
			};
			name = Debug;
		};
		1FD3E9B21AA54065004006DA /* Release */ = {
			isa = XCBuildConfiguration;
			buildSettings = {
				ALWAYS_SEARCH_USER_PATHS = NO;
				CLANG_CXX_LANGUAGE_STANDARD = "gnu++0x";
				CLANG_CXX_LIBRARY = "libc++";
				CLANG_ENABLE_MODULES = YES;
				CLANG_ENABLE_OBJC_ARC = YES;
				CLANG_WARN_BOOL_CONVERSION = YES;
				CLANG_WARN_CONSTANT_CONVERSION = YES;
				CLANG_WARN_DIRECT_OBJC_ISA_USAGE = YES_ERROR;
				CLANG_WARN_EMPTY_BODY = YES;
				CLANG_WARN_ENUM_CONVERSION = YES;
				CLANG_WARN_INT_CONVERSION = YES;
				CLANG_WARN_OBJC_ROOT_CLASS = YES_ERROR;
				CLANG_WARN_UNREACHABLE_CODE = YES;
				CLANG_WARN__DUPLICATE_METHOD_MATCH = YES;
				"CODE_SIGN_IDENTITY[sdk=iphoneos*]" = "iPhone Developer";
				COPY_PHASE_STRIP = YES;
				ENABLE_NS_ASSERTIONS = NO;
				ENABLE_STRICT_OBJC_MSGSEND = YES;
				GCC_C_LANGUAGE_STANDARD = gnu99;
				GCC_WARN_64_TO_32_BIT_CONVERSION = YES;
				GCC_WARN_ABOUT_RETURN_TYPE = YES_ERROR;
				GCC_WARN_UNDECLARED_SELECTOR = YES;
				GCC_WARN_UNINITIALIZED_AUTOS = YES_AGGRESSIVE;
				GCC_WARN_UNUSED_FUNCTION = YES;
				GCC_WARN_UNUSED_VARIABLE = YES;
				IPHONEOS_DEPLOYMENT_TARGET = 8.1;
				MTL_ENABLE_DEBUG_INFO = NO;
				SDKROOT = iphoneos;
				VALIDATE_PRODUCT = YES;
			};
			name = Release;
		};
		1FD3E9B41AA54065004006DA /* Debug */ = {
			isa = XCBuildConfiguration;
			buildSettings = {
				ASSETCATALOG_COMPILER_APPICON_NAME = AppIcon;
				INFOPLIST_FILE = Postcard/Info.plist;
				LD_RUNPATH_SEARCH_PATHS = "$(inherited) @executable_path/Frameworks";
				PRODUCT_NAME = "$(TARGET_NAME)";
			};
			name = Debug;
		};
		1FD3E9B51AA54065004006DA /* Release */ = {
			isa = XCBuildConfiguration;
			buildSettings = {
				ASSETCATALOG_COMPILER_APPICON_NAME = AppIcon;
				INFOPLIST_FILE = Postcard/Info.plist;
				LD_RUNPATH_SEARCH_PATHS = "$(inherited) @executable_path/Frameworks";
				PRODUCT_NAME = "$(TARGET_NAME)";
			};
			name = Release;
		};
		1FD3E9B71AA54065004006DA /* Debug */ = {
			isa = XCBuildConfiguration;
			buildSettings = {
				BUNDLE_LOADER = "$(TEST_HOST)";
				FRAMEWORK_SEARCH_PATHS = (
					"$(SDKROOT)/Developer/Library/Frameworks",
					"$(inherited)",
				);
				GCC_PREPROCESSOR_DEFINITIONS = (
					"DEBUG=1",
					"$(inherited)",
				);
				INFOPLIST_FILE = PostcardTests/Info.plist;
				LD_RUNPATH_SEARCH_PATHS = "$(inherited) @executable_path/Frameworks @loader_path/Frameworks";
				PRODUCT_NAME = "$(TARGET_NAME)";
				TEST_HOST = "$(BUILT_PRODUCTS_DIR)/Postcard.app/Postcard";
			};
			name = Debug;
		};
		1FD3E9B81AA54065004006DA /* Release */ = {
			isa = XCBuildConfiguration;
			buildSettings = {
				BUNDLE_LOADER = "$(TEST_HOST)";
				FRAMEWORK_SEARCH_PATHS = (
					"$(SDKROOT)/Developer/Library/Frameworks",
					"$(inherited)",
				);
				INFOPLIST_FILE = PostcardTests/Info.plist;
				LD_RUNPATH_SEARCH_PATHS = "$(inherited) @executable_path/Frameworks @loader_path/Frameworks";
				PRODUCT_NAME = "$(TARGET_NAME)";
				TEST_HOST = "$(BUILT_PRODUCTS_DIR)/Postcard.app/Postcard";
			};
			name = Release;
		};
/* End XCBuildConfiguration section */

/* Begin XCConfigurationList section */
		1FD3E98F1AA54065004006DA /* Build configuration list for PBXProject "Postcard" */ = {
			isa = XCConfigurationList;
			buildConfigurations = (
				1FD3E9B11AA54065004006DA /* Debug */,
				1FD3E9B21AA54065004006DA /* Release */,
			);
			defaultConfigurationIsVisible = 0;
			defaultConfigurationName = Release;
		};
		1FD3E9B31AA54065004006DA /* Build configuration list for PBXNativeTarget "Postcard" */ = {
			isa = XCConfigurationList;
			buildConfigurations = (
				1FD3E9B41AA54065004006DA /* Debug */,
				1FD3E9B51AA54065004006DA /* Release */,
			);
			defaultConfigurationIsVisible = 0;
		};
		1FD3E9B61AA54065004006DA /* Build configuration list for PBXNativeTarget "PostcardTests" */ = {
			isa = XCConfigurationList;
			buildConfigurations = (
				1FD3E9B71AA54065004006DA /* Debug */,
				1FD3E9B81AA54065004006DA /* Release */,
			);
			defaultConfigurationIsVisible = 0;
		};
/* End XCConfigurationList section */
	};
	rootObject = 1FD3E98C1AA54065004006DA /* Project object */;
}
